
Microsoft Visual Studio Solution File, Format Version 12.00
# Visual Studio 2017
Project("{FAE04EC0-301F-11D3-BF4B-00C04F79EFBC}") = "Vuforia3D", "Vuforia3D.csproj", "{6F2B924F-82A4-C2D4-524F-5E7EE8AAEC7A}"
EndProject
Project("{FAE04EC0-301F-11D3-BF4B-00C04F79EFBC}") = "Vuforia3D.Editor", "Vuforia3D.Editor.csproj", "{737B931C-CF7E-882D-13C4-90DFCEA0BAE2}"
EndProject
Global
	GlobalSection(SolutionConfigurationPlatforms) = preSolution
		Debug|Any CPU = Debug|Any CPU
		Release|Any CPU = Release|Any CPU
	EndGlobalSection
	GlobalSection(ProjectConfigurationPlatforms) = postSolution
		{6F2B924F-82A4-C2D4-524F-5E7EE8AAEC7A}.Debug|Any CPU.ActiveCfg = Debug|Any CPU
		{6F2B924F-82A4-C2D4-524F-5E7EE8AAEC7A}.Debug|Any CPU.Build.0 = Debug|Any CPU
		{6F2B924F-82A4-C2D4-524F-5E7EE8AAEC7A}.Release|Any CPU.ActiveCfg = Release|Any CPU
		{6F2B924F-82A4-C2D4-524F-5E7EE8AAEC7A}.Release|Any CPU.Build.0 = Release|Any CPU
		{737B931C-CF7E-882D-13C4-90DFCEA0BAE2}.Debug|Any CPU.ActiveCfg = Debug|Any CPU
		{737B931C-CF7E-882D-13C4-90DFCEA0BAE2}.Debug|Any CPU.Build.0 = Debug|Any CPU
		{737B931C-CF7E-882D-13C4-90DFCEA0BAE2}.Release|Any CPU.ActiveCfg = Release|Any CPU
		{737B931C-CF7E-882D-13C4-90DFCEA0BAE2}.Release|Any CPU.Build.0 = Release|Any CPU
	EndGlobalSection
	GlobalSection(SolutionProperties) = preSolution
		HideSolutionNode = FALSE
	EndGlobalSection
EndGlobal
